// !$*UTF8*$!
{
	archiveVersion = 1;
	classes = {
	};
	objectVersion = 55;
	objects = {

/* Begin PBXBuildFile section */
		1E78972B29BD918400D97B07 /* AppDelegate.swift in Sources */ = {isa = PBXBuildFile; fileRef = 1E78972A29BD918400D97B07 /* AppDelegate.swift */; };
		1E78972D29BD918400D97B07 /* SceneDelegate.swift in Sources */ = {isa = PBXBuildFile; fileRef = 1E78972C29BD918400D97B07 /* SceneDelegate.swift */; };
		1E78972F29BD918400D97B07 /* MainTabBarViewController.swift in Sources */ = {isa = PBXBuildFile; fileRef = 1E78972E29BD918400D97B07 /* MainTabBarViewController.swift */; };
		1E78973429BD918500D97B07 /* Assets.xcassets in Resources */ = {isa = PBXBuildFile; fileRef = 1E78973329BD918500D97B07 /* Assets.xcassets */; };
		1E78973729BD918500D97B07 /* LaunchScreen.storyboard in Resources */ = {isa = PBXBuildFile; fileRef = 1E78973529BD918500D97B07 /* LaunchScreen.storyboard */; };
		1E78974229BD94B800D97B07 /* HomeViewController.swift in Sources */ = {isa = PBXBuildFile; fileRef = 1E78974129BD94B800D97B07 /* HomeViewController.swift */; };
		1E78974429BD950000D97B07 /* UpcomingViewController.swift in Sources */ = {isa = PBXBuildFile; fileRef = 1E78974329BD950000D97B07 /* UpcomingViewController.swift */; };
		1E78974629BD953B00D97B07 /* SearchViewController.swift in Sources */ = {isa = PBXBuildFile; fileRef = 1E78974529BD953B00D97B07 /* SearchViewController.swift */; };
		1E78974829BD958900D97B07 /* DownloadsViewController.swift in Sources */ = {isa = PBXBuildFile; fileRef = 1E78974729BD958900D97B07 /* DownloadsViewController.swift */; };
		1E94A43B29BE94FD005141CA /* CollectionViewTableViewCell.swift in Sources */ = {isa = PBXBuildFile; fileRef = 1E94A43A29BE94FD005141CA /* CollectionViewTableViewCell.swift */; };
		1E9C8EE929C91A53000B1B24 /* NetflixTests.swift in Sources */ = {isa = PBXBuildFile; fileRef = 1E9C8EE829C91A53000B1B24 /* NetflixTests.swift */; };
		1EB9479B29CB83B300B2FE6D /* TitleTableViewCell.swift in Sources */ = {isa = PBXBuildFile; fileRef = 1EB9479A29CB83B300B2FE6D /* TitleTableViewCell.swift */; };
		1EB9479D29CB897B00B2FE6D /* TitleViewModel.swift in Sources */ = {isa = PBXBuildFile; fileRef = 1EB9479C29CB897B00B2FE6D /* TitleViewModel.swift */; };
		1ED4245E29BEDBC400EF44BC /* HeroHeaderUIView.swift in Sources */ = {isa = PBXBuildFile; fileRef = 1ED4245D29BEDBC400EF44BC /* HeroHeaderUIView.swift */; };
		1EDF7C8929C019A700F8F2C3 /* APICaller.swift in Sources */ = {isa = PBXBuildFile; fileRef = 1EDF7C8829C019A700F8F2C3 /* APICaller.swift */; };
		1EDF7C8D29C01D7D00F8F2C3 /* Title.swift in Sources */ = {isa = PBXBuildFile; fileRef = 1EDF7C8C29C01D7D00F8F2C3 /* Title.swift */; };
		1EDF7C8F29C0223C00F8F2C3 /* Extensions.swift in Sources */ = {isa = PBXBuildFile; fileRef = 1EDF7C8E29C0223C00F8F2C3 /* Extensions.swift */; };
		1EE252AE29C8BB0D00FCC167 /* TitleCollectionViewCell.swift in Sources */ = {isa = PBXBuildFile; fileRef = 1EE252AD29C8BB0D00FCC167 /* TitleCollectionViewCell.swift */; };
		1EE252B129C8C5F300FCC167 /* SDWebImage in Frameworks */ = {isa = PBXBuildFile; productRef = 1EE252B029C8C5F300FCC167 /* SDWebImage */; };
		1EE252B329C8C5F300FCC167 /* SDWebImageMapKit in Frameworks */ = {isa = PBXBuildFile; productRef = 1EE252B229C8C5F300FCC167 /* SDWebImageMapKit */; };
/* End PBXBuildFile section */

/* Begin PBXContainerItemProxy section */
		1E9C8EEA29C91A53000B1B24 /* PBXContainerItemProxy */ = {
			isa = PBXContainerItemProxy;
			containerPortal = 1E78971F29BD918400D97B07 /* Project object */;
			proxyType = 1;
			remoteGlobalIDString = 1E78972629BD918400D97B07;
			remoteInfo = Netflix;
		};
/* End PBXContainerItemProxy section */

/* Begin PBXFileReference section */
		1E78972729BD918400D97B07 /* Netflix.app */ = {isa = PBXFileReference; explicitFileType = wrapper.application; includeInIndex = 0; path = Netflix.app; sourceTree = BUILT_PRODUCTS_DIR; };
		1E78972A29BD918400D97B07 /* AppDelegate.swift */ = {isa = PBXFileReference; lastKnownFileType = sourcecode.swift; path = AppDelegate.swift; sourceTree = "<group>"; };
		1E78972C29BD918400D97B07 /* SceneDelegate.swift */ = {isa = PBXFileReference; lastKnownFileType = sourcecode.swift; path = SceneDelegate.swift; sourceTree = "<group>"; };
		1E78972E29BD918400D97B07 /* MainTabBarViewController.swift */ = {isa = PBXFileReference; lastKnownFileType = sourcecode.swift; path = MainTabBarViewController.swift; sourceTree = "<group>"; };
		1E78973329BD918500D97B07 /* Assets.xcassets */ = {isa = PBXFileReference; lastKnownFileType = folder.assetcatalog; path = Assets.xcassets; sourceTree = "<group>"; };
		1E78973629BD918500D97B07 /* Base */ = {isa = PBXFileReference; lastKnownFileType = file.storyboard; name = Base; path = Base.lproj/LaunchScreen.storyboard; sourceTree = "<group>"; };
		1E78973829BD918500D97B07 /* Info.plist */ = {isa = PBXFileReference; lastKnownFileType = text.plist.xml; path = Info.plist; sourceTree = "<group>"; };
		1E78974129BD94B800D97B07 /* HomeViewController.swift */ = {isa = PBXFileReference; lastKnownFileType = sourcecode.swift; path = HomeViewController.swift; sourceTree = "<group>"; };
		1E78974329BD950000D97B07 /* UpcomingViewController.swift */ = {isa = PBXFileReference; lastKnownFileType = sourcecode.swift; path = UpcomingViewController.swift; sourceTree = "<group>"; };
		1E78974529BD953B00D97B07 /* SearchViewController.swift */ = {isa = PBXFileReference; lastKnownFileType = sourcecode.swift; path = SearchViewController.swift; sourceTree = "<group>"; };
		1E78974729BD958900D97B07 /* DownloadsViewController.swift */ = {isa = PBXFileReference; lastKnownFileType = sourcecode.swift; path = DownloadsViewController.swift; sourceTree = "<group>"; };
		1E94A43A29BE94FD005141CA /* CollectionViewTableViewCell.swift */ = {isa = PBXFileReference; lastKnownFileType = sourcecode.swift; path = CollectionViewTableViewCell.swift; sourceTree = "<group>"; };
		1E9C8EE629C91A53000B1B24 /* NetflixTests.xctest */ = {isa = PBXFileReference; explicitFileType = wrapper.cfbundle; includeInIndex = 0; path = NetflixTests.xctest; sourceTree = BUILT_PRODUCTS_DIR; };
		1E9C8EE829C91A53000B1B24 /* NetflixTests.swift */ = {isa = PBXFileReference; lastKnownFileType = sourcecode.swift; path = NetflixTests.swift; sourceTree = "<group>"; };
		1EB9479A29CB83B300B2FE6D /* TitleTableViewCell.swift */ = {isa = PBXFileReference; lastKnownFileType = sourcecode.swift; path = TitleTableViewCell.swift; sourceTree = "<group>"; };
		1EB9479C29CB897B00B2FE6D /* TitleViewModel.swift */ = {isa = PBXFileReference; lastKnownFileType = sourcecode.swift; path = TitleViewModel.swift; sourceTree = "<group>"; };
		1ED4245D29BEDBC400EF44BC /* HeroHeaderUIView.swift */ = {isa = PBXFileReference; lastKnownFileType = sourcecode.swift; path = HeroHeaderUIView.swift; sourceTree = "<group>"; };
		1EDF7C8829C019A700F8F2C3 /* APICaller.swift */ = {isa = PBXFileReference; lastKnownFileType = sourcecode.swift; path = APICaller.swift; sourceTree = "<group>"; };
		1EDF7C8C29C01D7D00F8F2C3 /* Title.swift */ = {isa = PBXFileReference; lastKnownFileType = sourcecode.swift; path = Title.swift; sourceTree = "<group>"; };
		1EDF7C8E29C0223C00F8F2C3 /* Extensions.swift */ = {isa = PBXFileReference; lastKnownFileType = sourcecode.swift; path = Extensions.swift; sourceTree = "<group>"; };
		1EE252AD29C8BB0D00FCC167 /* TitleCollectionViewCell.swift */ = {isa = PBXFileReference; lastKnownFileType = sourcecode.swift; path = TitleCollectionViewCell.swift; sourceTree = "<group>"; };
/* End PBXFileReference section */

/* Begin PBXFrameworksBuildPhase section */
		1E78972429BD918400D97B07 /* Frameworks */ = {
			isa = PBXFrameworksBuildPhase;
			buildActionMask = 2147483647;
			files = (
				1EE252B329C8C5F300FCC167 /* SDWebImageMapKit in Frameworks */,
				1EE252B129C8C5F300FCC167 /* SDWebImage in Frameworks */,
			);
			runOnlyForDeploymentPostprocessing = 0;
		};
		1E9C8EE329C91A53000B1B24 /* Frameworks */ = {
			isa = PBXFrameworksBuildPhase;
			buildActionMask = 2147483647;
			files = (
			);
			runOnlyForDeploymentPostprocessing = 0;
		};
/* End PBXFrameworksBuildPhase section */

/* Begin PBXGroup section */
		1E78971E29BD918400D97B07 = {
			isa = PBXGroup;
			children = (
				1E78972929BD918400D97B07 /* Netflix */,
				1E9C8EE729C91A53000B1B24 /* NetflixTests */,
				1E78972829BD918400D97B07 /* Products */,
			);
			sourceTree = "<group>";
		};
		1E78972829BD918400D97B07 /* Products */ = {
			isa = PBXGroup;
			children = (
				1E78972729BD918400D97B07 /* Netflix.app */,
				1E9C8EE629C91A53000B1B24 /* NetflixTests.xctest */,
			);
			name = Products;
			sourceTree = "<group>";
		};
		1E78972929BD918400D97B07 /* Netflix */ = {
			isa = PBXGroup;
			children = (
				1EDF7C8B29C01D6D00F8F2C3 /* Models */,
				1E94A43929BE94C6005141CA /* Managers */,
				1E94A43829BE94BE005141CA /* Resources */,
				1E94A43729BE94A1005141CA /* Views */,
				1E94A43629BE9494005141CA /* ViewModels */,
				1E78973E29BD941500D97B07 /* Controllers */,
				1E78972A29BD918400D97B07 /* AppDelegate.swift */,
				1E78972C29BD918400D97B07 /* SceneDelegate.swift */,
				1E78972E29BD918400D97B07 /* MainTabBarViewController.swift */,
				1E78973329BD918500D97B07 /* Assets.xcassets */,
				1E78973529BD918500D97B07 /* LaunchScreen.storyboard */,
				1E78973829BD918500D97B07 /* Info.plist */,
			);
			path = Netflix;
			sourceTree = "<group>";
		};
		1E78973E29BD941500D97B07 /* Controllers */ = {
			isa = PBXGroup;
			children = (
				1E78974129BD94B800D97B07 /* HomeViewController.swift */,
				1E78974329BD950000D97B07 /* UpcomingViewController.swift */,
				1E78974529BD953B00D97B07 /* SearchViewController.swift */,
				1E78974729BD958900D97B07 /* DownloadsViewController.swift */,
			);
			path = Controllers;
			sourceTree = "<group>";
		};
		1E94A43629BE9494005141CA /* ViewModels */ = {
			isa = PBXGroup;
			children = (
				1EB9479C29CB897B00B2FE6D /* TitleViewModel.swift */,
			);
			path = ViewModels;
			sourceTree = "<group>";
		};
		1E94A43729BE94A1005141CA /* Views */ = {
			isa = PBXGroup;
			children = (
				1E94A43A29BE94FD005141CA /* CollectionViewTableViewCell.swift */,
				1ED4245D29BEDBC400EF44BC /* HeroHeaderUIView.swift */,
				1EE252AD29C8BB0D00FCC167 /* TitleCollectionViewCell.swift */,
				1EB9479A29CB83B300B2FE6D /* TitleTableViewCell.swift */,
			);
			path = Views;
			sourceTree = "<group>";
		};
		1E94A43829BE94BE005141CA /* Resources */ = {
			isa = PBXGroup;
			children = (
				1EDF7C8E29C0223C00F8F2C3 /* Extensions.swift */,
			);
			path = Resources;
			sourceTree = "<group>";
		};
		1E94A43929BE94C6005141CA /* Managers */ = {
			isa = PBXGroup;
			children = (
				1EDF7C8829C019A700F8F2C3 /* APICaller.swift */,
			);
			path = Managers;
			sourceTree = "<group>";
		};
		1E9C8EE729C91A53000B1B24 /* NetflixTests */ = {
			isa = PBXGroup;
			children = (
				1E9C8EE829C91A53000B1B24 /* NetflixTests.swift */,
			);
			path = NetflixTests;
			sourceTree = "<group>";
		};
		1EDF7C8B29C01D6D00F8F2C3 /* Models */ = {
			isa = PBXGroup;
			children = (
				1EDF7C8C29C01D7D00F8F2C3 /* Title.swift */,
			);
			path = Models;
			sourceTree = "<group>";
		};
/* End PBXGroup section */

/* Begin PBXNativeTarget section */
		1E78972629BD918400D97B07 /* Netflix */ = {
			isa = PBXNativeTarget;
			buildConfigurationList = 1E78973B29BD918500D97B07 /* Build configuration list for PBXNativeTarget "Netflix" */;
			buildPhases = (
				1E78972329BD918400D97B07 /* Sources */,
				1E78972429BD918400D97B07 /* Frameworks */,
				1E78972529BD918400D97B07 /* Resources */,
			);
			buildRules = (
			);
			dependencies = (
			);
			name = Netflix;
			packageProductDependencies = (
				1EE252B029C8C5F300FCC167 /* SDWebImage */,
				1EE252B229C8C5F300FCC167 /* SDWebImageMapKit */,
			);
			productName = Netflix;
			productReference = 1E78972729BD918400D97B07 /* Netflix.app */;
			productType = "com.apple.product-type.application";
		};
		1E9C8EE529C91A53000B1B24 /* NetflixTests */ = {
			isa = PBXNativeTarget;
			buildConfigurationList = 1E9C8EEE29C91A53000B1B24 /* Build configuration list for PBXNativeTarget "NetflixTests" */;
			buildPhases = (
				1E9C8EE229C91A53000B1B24 /* Sources */,
				1E9C8EE329C91A53000B1B24 /* Frameworks */,
				1E9C8EE429C91A53000B1B24 /* Resources */,
			);
			buildRules = (
			);
			dependencies = (
				1E9C8EEB29C91A53000B1B24 /* PBXTargetDependency */,
			);
			name = NetflixTests;
			productName = NetflixTests;
			productReference = 1E9C8EE629C91A53000B1B24 /* NetflixTests.xctest */;
			productType = "com.apple.product-type.bundle.unit-test";
		};
/* End PBXNativeTarget section */

/* Begin PBXProject section */
		1E78971F29BD918400D97B07 /* Project object */ = {
			isa = PBXProject;
			attributes = {
				BuildIndependentTargetsInParallel = 1;
				LastSwiftUpdateCheck = 1300;
				LastUpgradeCheck = 1300;
				TargetAttributes = {
					1E78972629BD918400D97B07 = {
						CreatedOnToolsVersion = 13.0;
					};
					1E9C8EE529C91A53000B1B24 = {
						CreatedOnToolsVersion = 13.0;
						TestTargetID = 1E78972629BD918400D97B07;
					};
				};
			};
			buildConfigurationList = 1E78972229BD918400D97B07 /* Build configuration list for PBXProject "Netflix" */;
			compatibilityVersion = "Xcode 13.0";
			developmentRegion = en;
			hasScannedForEncodings = 0;
			knownRegions = (
				en,
				Base,
			);
			mainGroup = 1E78971E29BD918400D97B07;
			packageReferences = (
				1EE252AF29C8C5F300FCC167 /* XCRemoteSwiftPackageReference "SDWebImage" */,
			);
			productRefGroup = 1E78972829BD918400D97B07 /* Products */;
			projectDirPath = "";
			projectRoot = "";
			targets = (
				1E78972629BD918400D97B07 /* Netflix */,
				1E9C8EE529C91A53000B1B24 /* NetflixTests */,
			);
		};
/* End PBXProject section */

/* Begin PBXResourcesBuildPhase section */
		1E78972529BD918400D97B07 /* Resources */ = {
			isa = PBXResourcesBuildPhase;
			buildActionMask = 2147483647;
			files = (
				1E78973729BD918500D97B07 /* LaunchScreen.storyboard in Resources */,
				1E78973429BD918500D97B07 /* Assets.xcassets in Resources */,
			);
			runOnlyForDeploymentPostprocessing = 0;
		};
		1E9C8EE429C91A53000B1B24 /* Resources */ = {
			isa = PBXResourcesBuildPhase;
			buildActionMask = 2147483647;
			files = (
			);
			runOnlyForDeploymentPostprocessing = 0;
		};
/* End PBXResourcesBuildPhase section */

/* Begin PBXSourcesBuildPhase section */
		1E78972329BD918400D97B07 /* Sources */ = {
			isa = PBXSourcesBuildPhase;
			buildActionMask = 2147483647;
			files = (
				1E78974629BD953B00D97B07 /* SearchViewController.swift in Sources */,
				1EE252AE29C8BB0D00FCC167 /* TitleCollectionViewCell.swift in Sources */,
				1E78972F29BD918400D97B07 /* MainTabBarViewController.swift in Sources */,
				1E94A43B29BE94FD005141CA /* CollectionViewTableViewCell.swift in Sources */,
				1EDF7C8929C019A700F8F2C3 /* APICaller.swift in Sources */,
				1EB9479B29CB83B300B2FE6D /* TitleTableViewCell.swift in Sources */,
				1ED4245E29BEDBC400EF44BC /* HeroHeaderUIView.swift in Sources */,
				1E78974829BD958900D97B07 /* DownloadsViewController.swift in Sources */,
				1E78972B29BD918400D97B07 /* AppDelegate.swift in Sources */,
				1EDF7C8F29C0223C00F8F2C3 /* Extensions.swift in Sources */,
				1E78972D29BD918400D97B07 /* SceneDelegate.swift in Sources */,
				1E78974429BD950000D97B07 /* UpcomingViewController.swift in Sources */,
				1EDF7C8D29C01D7D00F8F2C3 /* Title.swift in Sources */,
				1E78974229BD94B800D97B07 /* HomeViewController.swift in Sources */,
				1EB9479D29CB897B00B2FE6D /* TitleViewModel.swift in Sources */,
			);
			runOnlyForDeploymentPostprocessing = 0;
		};
		1E9C8EE229C91A53000B1B24 /* Sources */ = {
			isa = PBXSourcesBuildPhase;
			buildActionMask = 2147483647;
			files = (
				1E9C8EE929C91A53000B1B24 /* NetflixTests.swift in Sources */,
			);
			runOnlyForDeploymentPostprocessing = 0;
		};
/* End PBXSourcesBuildPhase section */

/* Begin PBXTargetDependency section */
		1E9C8EEB29C91A53000B1B24 /* PBXTargetDependency */ = {
			isa = PBXTargetDependency;
			target = 1E78972629BD918400D97B07 /* Netflix */;
			targetProxy = 1E9C8EEA29C91A53000B1B24 /* PBXContainerItemProxy */;
		};
/* End PBXTargetDependency section */

/* Begin PBXVariantGroup section */
		1E78973529BD918500D97B07 /* LaunchScreen.storyboard */ = {
			isa = PBXVariantGroup;
			children = (
				1E78973629BD918500D97B07 /* Base */,
			);
			name = LaunchScreen.storyboard;
			sourceTree = "<group>";
		};
/* End PBXVariantGroup section */

/* Begin XCBuildConfiguration section */
		1E78973929BD918500D97B07 /* Debug */ = {
			isa = XCBuildConfiguration;
			buildSettings = {
				ALWAYS_SEARCH_USER_PATHS = NO;
				CLANG_ANALYZER_NONNULL = YES;
				CLANG_ANALYZER_NUMBER_OBJECT_CONVERSION = YES_AGGRESSIVE;
				CLANG_CXX_LANGUAGE_STANDARD = "gnu++17";
				CLANG_CXX_LIBRARY = "libc++";
				CLANG_ENABLE_MODULES = YES;
				CLANG_ENABLE_OBJC_ARC = YES;
				CLANG_ENABLE_OBJC_WEAK = YES;
				CLANG_WARN_BLOCK_CAPTURE_AUTORELEASING = YES;
				CLANG_WARN_BOOL_CONVERSION = YES;
				CLANG_WARN_COMMA = YES;
				CLANG_WARN_CONSTANT_CONVERSION = YES;
				CLANG_WARN_DEPRECATED_OBJC_IMPLEMENTATIONS = YES;
				CLANG_WARN_DIRECT_OBJC_ISA_USAGE = YES_ERROR;
				CLANG_WARN_DOCUMENTATION_COMMENTS = YES;
				CLANG_WARN_EMPTY_BODY = YES;
				CLANG_WARN_ENUM_CONVERSION = YES;
				CLANG_WARN_INFINITE_RECURSION = YES;
				CLANG_WARN_INT_CONVERSION = YES;
				CLANG_WARN_NON_LITERAL_NULL_CONVERSION = YES;
				CLANG_WARN_OBJC_IMPLICIT_RETAIN_SELF = YES;
				CLANG_WARN_OBJC_LITERAL_CONVERSION = YES;
				CLANG_WARN_OBJC_ROOT_CLASS = YES_ERROR;
				CLANG_WARN_QUOTED_INCLUDE_IN_FRAMEWORK_HEADER = YES;
				CLANG_WARN_RANGE_LOOP_ANALYSIS = YES;
				CLANG_WARN_STRICT_PROTOTYPES = YES;
				CLANG_WARN_SUSPICIOUS_MOVE = YES;
				CLANG_WARN_UNGUARDED_AVAILABILITY = YES_AGGRESSIVE;
				CLANG_WARN_UNREACHABLE_CODE = YES;
				CLANG_WARN__DUPLICATE_METHOD_MATCH = YES;
				COPY_PHASE_STRIP = NO;
				DEBUG_INFORMATION_FORMAT = dwarf;
				ENABLE_STRICT_OBJC_MSGSEND = YES;
				ENABLE_TESTABILITY = YES;
				GCC_C_LANGUAGE_STANDARD = gnu11;
				GCC_DYNAMIC_NO_PIC = NO;
				GCC_NO_COMMON_BLOCKS = YES;
				GCC_OPTIMIZATION_LEVEL = 0;
				GCC_PREPROCESSOR_DEFINITIONS = (
					"DEBUG=1",
					"$(inherited)",
				);
				GCC_WARN_64_TO_32_BIT_CONVERSION = YES;
				GCC_WARN_ABOUT_RETURN_TYPE = YES_ERROR;
				GCC_WARN_UNDECLARED_SELECTOR = YES;
				GCC_WARN_UNINITIALIZED_AUTOS = YES_AGGRESSIVE;
				GCC_WARN_UNUSED_FUNCTION = YES;
				GCC_WARN_UNUSED_VARIABLE = YES;
				IPHONEOS_DEPLOYMENT_TARGET = 15.0;
				MTL_ENABLE_DEBUG_INFO = INCLUDE_SOURCE;
				MTL_FAST_MATH = YES;
				ONLY_ACTIVE_ARCH = YES;
				SDKROOT = iphoneos;
				SWIFT_ACTIVE_COMPILATION_CONDITIONS = DEBUG;
				SWIFT_OPTIMIZATION_LEVEL = "-Onone";
			};
			name = Debug;
		};
		1E78973A29BD918500D97B07 /* Release */ = {
			isa = XCBuildConfiguration;
			buildSettings = {
				ALWAYS_SEARCH_USER_PATHS = NO;
				CLANG_ANALYZER_NONNULL = YES;
				CLANG_ANALYZER_NUMBER_OBJECT_CONVERSION = YES_AGGRESSIVE;
				CLANG_CXX_LANGUAGE_STANDARD = "gnu++17";
				CLANG_CXX_LIBRARY = "libc++";
				CLANG_ENABLE_MODULES = YES;
				CLANG_ENABLE_OBJC_ARC = YES;
				CLANG_ENABLE_OBJC_WEAK = YES;
				CLANG_WARN_BLOCK_CAPTURE_AUTORELEASING = YES;
				CLANG_WARN_BOOL_CONVERSION = YES;
				CLANG_WARN_COMMA = YES;
				CLANG_WARN_CONSTANT_CONVERSION = YES;
				CLANG_WARN_DEPRECATED_OBJC_IMPLEMENTATIONS = YES;
				CLANG_WARN_DIRECT_OBJC_ISA_USAGE = YES_ERROR;
				CLANG_WARN_DOCUMENTATION_COMMENTS = YES;
				CLANG_WARN_EMPTY_BODY = YES;
				CLANG_WARN_ENUM_CONVERSION = YES;
				CLANG_WARN_INFINITE_RECURSION = YES;
				CLANG_WARN_INT_CONVERSION = YES;
				CLANG_WARN_NON_LITERAL_NULL_CONVERSION = YES;
				CLANG_WARN_OBJC_IMPLICIT_RETAIN_SELF = YES;
				CLANG_WARN_OBJC_LITERAL_CONVERSION = YES;
				CLANG_WARN_OBJC_ROOT_CLASS = YES_ERROR;
				CLANG_WARN_QUOTED_INCLUDE_IN_FRAMEWORK_HEADER = YES;
				CLANG_WARN_RANGE_LOOP_ANALYSIS = YES;
				CLANG_WARN_STRICT_PROTOTYPES = YES;
				CLANG_WARN_SUSPICIOUS_MOVE = YES;
				CLANG_WARN_UNGUARDED_AVAILABILITY = YES_AGGRESSIVE;
				CLANG_WARN_UNREACHABLE_CODE = YES;
				CLANG_WARN__DUPLICATE_METHOD_MATCH = YES;
				COPY_PHASE_STRIP = NO;
				DEBUG_INFORMATION_FORMAT = "dwarf-with-dsym";
				ENABLE_NS_ASSERTIONS = NO;
				ENABLE_STRICT_OBJC_MSGSEND = YES;
				GCC_C_LANGUAGE_STANDARD = gnu11;
				GCC_NO_COMMON_BLOCKS = YES;
				GCC_WARN_64_TO_32_BIT_CONVERSION = YES;
				GCC_WARN_ABOUT_RETURN_TYPE = YES_ERROR;
				GCC_WARN_UNDECLARED_SELECTOR = YES;
				GCC_WARN_UNINITIALIZED_AUTOS = YES_AGGRESSIVE;
				GCC_WARN_UNUSED_FUNCTION = YES;
				GCC_WARN_UNUSED_VARIABLE = YES;
				IPHONEOS_DEPLOYMENT_TARGET = 15.0;
				MTL_ENABLE_DEBUG_INFO = NO;
				MTL_FAST_MATH = YES;
				SDKROOT = iphoneos;
				SWIFT_COMPILATION_MODE = wholemodule;
				SWIFT_OPTIMIZATION_LEVEL = "-O";
				VALIDATE_PRODUCT = YES;
			};
			name = Release;
		};
		1E78973C29BD918500D97B07 /* Debug */ = {
			isa = XCBuildConfiguration;
			buildSettings = {
				ASSETCATALOG_COMPILER_APPICON_NAME = AppIcon;
				ASSETCATALOG_COMPILER_GLOBAL_ACCENT_COLOR_NAME = AccentColor;
				CODE_SIGN_STYLE = Automatic;
				CURRENT_PROJECT_VERSION = 1;
				GENERATE_INFOPLIST_FILE = YES;
				INFOPLIST_FILE = Netflix/Info.plist;
				INFOPLIST_KEY_UIApplicationSupportsIndirectInputEvents = YES;
				INFOPLIST_KEY_UILaunchStoryboardName = LaunchScreen;
				INFOPLIST_KEY_UISupportedInterfaceOrientations_iPad = "UIInterfaceOrientationPortrait UIInterfaceOrientationPortraitUpsideDown UIInterfaceOrientationLandscapeLeft UIInterfaceOrientationLandscapeRight";
				INFOPLIST_KEY_UISupportedInterfaceOrientations_iPhone = "UIInterfaceOrientationPortrait UIInterfaceOrientationLandscapeLeft UIInterfaceOrientationLandscapeRight";
				LD_RUNPATH_SEARCH_PATHS = (
					"$(inherited)",
					"@executable_path/Frameworks",
				);
				MARKETING_VERSION = 1.0;
				PRODUCT_BUNDLE_IDENTIFIER = com.codelujan.Netflix;
				PRODUCT_NAME = "$(TARGET_NAME)";
				SWIFT_EMIT_LOC_STRINGS = YES;
				SWIFT_VERSION = 5.0;
				TARGETED_DEVICE_FAMILY = "1,2";
			};
			name = Debug;
		};
		1E78973D29BD918500D97B07 /* Release */ = {
			isa = XCBuildConfiguration;
			buildSettings = {
				ASSETCATALOG_COMPILER_APPICON_NAME = AppIcon;
				ASSETCATALOG_COMPILER_GLOBAL_ACCENT_COLOR_NAME = AccentColor;
				CODE_SIGN_STYLE = Automatic;
				CURRENT_PROJECT_VERSION = 1;
				GENERATE_INFOPLIST_FILE = YES;
				INFOPLIST_FILE = Netflix/Info.plist;
				INFOPLIST_KEY_UIApplicationSupportsIndirectInputEvents = YES;
				INFOPLIST_KEY_UILaunchStoryboardName = LaunchScreen;
				INFOPLIST_KEY_UISupportedInterfaceOrientations_iPad = "UIInterfaceOrientationPortrait UIInterfaceOrientationPortraitUpsideDown UIInterfaceOrientationLandscapeLeft UIInterfaceOrientationLandscapeRight";
				INFOPLIST_KEY_UISupportedInterfaceOrientations_iPhone = "UIInterfaceOrientationPortrait UIInterfaceOrientationLandscapeLeft UIInterfaceOrientationLandscapeRight";
				LD_RUNPATH_SEARCH_PATHS = (
					"$(inherited)",
					"@executable_path/Frameworks",
				);
				MARKETING_VERSION = 1.0;
				PRODUCT_BUNDLE_IDENTIFIER = com.codelujan.Netflix;
				PRODUCT_NAME = "$(TARGET_NAME)";
				SWIFT_EMIT_LOC_STRINGS = YES;
				SWIFT_VERSION = 5.0;
				TARGETED_DEVICE_FAMILY = "1,2";
			};
			name = Release;
		};
		1E9C8EEC29C91A53000B1B24 /* Debug */ = {
			isa = XCBuildConfiguration;
			buildSettings = {
				BUNDLE_LOADER = "$(TEST_HOST)";
				CODE_SIGN_STYLE = Automatic;
				CURRENT_PROJECT_VERSION = 1;
				GENERATE_INFOPLIST_FILE = YES;
				LD_RUNPATH_SEARCH_PATHS = (
					"$(inherited)",
					"@executable_path/Frameworks",
					"@loader_path/Frameworks",
				);
				MARKETING_VERSION = 1.0;
				PRODUCT_BUNDLE_IDENTIFIER = com.codelujan.NetflixTests;
				PRODUCT_NAME = "$(TARGET_NAME)";
				SWIFT_EMIT_LOC_STRINGS = NO;
				SWIFT_VERSION = 5.0;
				TARGETED_DEVICE_FAMILY = "1,2";
				TEST_HOST = "$(BUILT_PRODUCTS_DIR)/Netflix.app/Netflix";
			};
			name = Debug;
		};
		1E9C8EED29C91A53000B1B24 /* Release */ = {
			isa = XCBuildConfiguration;
			buildSettings = {
				BUNDLE_LOADER = "$(TEST_HOST)";
				CODE_SIGN_STYLE = Automatic;
				CURRENT_PROJECT_VERSION = 1;
				GENERATE_INFOPLIST_FILE = YES;
				LD_RUNPATH_SEARCH_PATHS = (
					"$(inherited)",
					"@executable_path/Frameworks",
					"@loader_path/Frameworks",
				);
				MARKETING_VERSION = 1.0;
				PRODUCT_BUNDLE_IDENTIFIER = com.codelujan.NetflixTests;
				PRODUCT_NAME = "$(TARGET_NAME)";
				SWIFT_EMIT_LOC_STRINGS = NO;
				SWIFT_VERSION = 5.0;
				TARGETED_DEVICE_FAMILY = "1,2";
				TEST_HOST = "$(BUILT_PRODUCTS_DIR)/Netflix.app/Netflix";
			};
			name = Release;
		};
/* End XCBuildConfiguration section */

/* Begin XCConfigurationList section */
		1E78972229BD918400D97B07 /* Build configuration list for PBXProject "Netflix" */ = {
			isa = XCConfigurationList;
			buildConfigurations = (
				1E78973929BD918500D97B07 /* Debug */,
				1E78973A29BD918500D97B07 /* Release */,
			);
			defaultConfigurationIsVisible = 0;
			defaultConfigurationName = Release;
		};
		1E78973B29BD918500D97B07 /* Build configuration list for PBXNativeTarget "Netflix" */ = {
			isa = XCConfigurationList;
			buildConfigurations = (
				1E78973C29BD918500D97B07 /* Debug */,
				1E78973D29BD918500D97B07 /* Release */,
			);
			defaultConfigurationIsVisible = 0;
			defaultConfigurationName = Release;
		};
		1E9C8EEE29C91A53000B1B24 /* Build configuration list for PBXNativeTarget "NetflixTests" */ = {
			isa = XCConfigurationList;
			buildConfigurations = (
				1E9C8EEC29C91A53000B1B24 /* Debug */,
				1E9C8EED29C91A53000B1B24 /* Release */,
			);
			defaultConfigurationIsVisible = 0;
			defaultConfigurationName = Release;
		};
/* End XCConfigurationList section */

/* Begin XCRemoteSwiftPackageReference section */
		1EE252AF29C8C5F300FCC167 /* XCRemoteSwiftPackageReference "SDWebImage" */ = {
			isa = XCRemoteSwiftPackageReference;
			repositoryURL = "https://github.com/SDWebImage/SDWebImage.git";
			requirement = {
				kind = upToNextMajorVersion;
				minimumVersion = 5.0.0;
			};
		};
/* End XCRemoteSwiftPackageReference section */

/* Begin XCSwiftPackageProductDependency section */
		1EE252B029C8C5F300FCC167 /* SDWebImage */ = {
			isa = XCSwiftPackageProductDependency;
			package = 1EE252AF29C8C5F300FCC167 /* XCRemoteSwiftPackageReference "SDWebImage" */;
			productName = SDWebImage;
		};
		1EE252B229C8C5F300FCC167 /* SDWebImageMapKit */ = {
			isa = XCSwiftPackageProductDependency;
			package = 1EE252AF29C8C5F300FCC167 /* XCRemoteSwiftPackageReference "SDWebImage" */;
			productName = SDWebImageMapKit;
		};
/* End XCSwiftPackageProductDependency section */
	};
	rootObject = 1E78971F29BD918400D97B07 /* Project object */;
}
